// !$*UTF8*$!
{
	archiveVersion = 1;
	classes = {
	};
	objectVersion = 50;
	objects = {

/* Begin PBXBuildFile section */
		2C6B5447B661C328306ACB84 /* Pods_WikiAppTests.framework in Frameworks */ = {isa = PBXBuildFile; fileRef = A3D430CD645F0118C91E7A81 /* Pods_WikiAppTests.framework */; };
		6FF8475B1FF9B26A00A7968E /* AppDelegate.swift in Sources */ = {isa = PBXBuildFile; fileRef = 6FF8475A1FF9B26A00A7968E /* AppDelegate.swift */; };
		6FF8475D1FF9B26A00A7968E /* ViewController.swift in Sources */ = {isa = PBXBuildFile; fileRef = 6FF8475C1FF9B26A00A7968E /* ViewController.swift */; };
		6FF847601FF9B26A00A7968E /* Main.storyboard in Resources */ = {isa = PBXBuildFile; fileRef = 6FF8475E1FF9B26A00A7968E /* Main.storyboard */; };
		6FF847621FF9B27200A7968E /* Assets.xcassets in Resources */ = {isa = PBXBuildFile; fileRef = 6FF847611FF9B27200A7968E /* Assets.xcassets */; };
		6FF847651FF9B27200A7968E /* LaunchScreen.storyboard in Resources */ = {isa = PBXBuildFile; fileRef = 6FF847631FF9B27200A7968E /* LaunchScreen.storyboard */; };
		6FF847701FF9B27200A7968E /* WikiAppTests.swift in Sources */ = {isa = PBXBuildFile; fileRef = 6FF8476F1FF9B27200A7968E /* WikiAppTests.swift */; };
		6FF8477B1FF9B27200A7968E /* WikiAppUITests.swift in Sources */ = {isa = PBXBuildFile; fileRef = 6FF8477A1FF9B27200A7968E /* WikiAppUITests.swift */; };
		A42D961A1BFF43A578A33E01 /* Pods_WikiApp.framework in Frameworks */ = {isa = PBXBuildFile; fileRef = 91446C8A10FBF2CCC1D2F41F /* Pods_WikiApp.framework */; };
		DEC07BB49ADAC0C1269C389D /* Pods_WikiApp_WikiAppUITests.framework in Frameworks */ = {isa = PBXBuildFile; fileRef = 19997BBC16A576479B90813E /* Pods_WikiApp_WikiAppUITests.framework */; };
/* End PBXBuildFile section */

/* Begin PBXContainerItemProxy section */
		6FF8476C1FF9B27200A7968E /* PBXContainerItemProxy */ = {
			isa = PBXContainerItemProxy;
			containerPortal = 6FF8474F1FF9B26A00A7968E /* Project object */;
			proxyType = 1;
			remoteGlobalIDString = 6FF847561FF9B26A00A7968E;
			remoteInfo = WikiApp;
		};
		6FF847771FF9B27200A7968E /* PBXContainerItemProxy */ = {
			isa = PBXContainerItemProxy;
			containerPortal = 6FF8474F1FF9B26A00A7968E /* Project object */;
			proxyType = 1;
			remoteGlobalIDString = 6FF847561FF9B26A00A7968E;
			remoteInfo = WikiApp;
		};
/* End PBXContainerItemProxy section */

/* Begin PBXFileReference section */
		04B9870B85515BC17338434E /* Pods-WikiAppTests.release.xcconfig */ = {isa = PBXFileReference; includeInIndex = 1; lastKnownFileType = text.xcconfig; name = "Pods-WikiAppTests.release.xcconfig"; path = "Target Support Files/Pods-WikiAppTests/Pods-WikiAppTests.release.xcconfig"; sourceTree = "<group>"; };
		19997BBC16A576479B90813E /* Pods_WikiApp_WikiAppUITests.framework */ = {isa = PBXFileReference; explicitFileType = wrapper.framework; includeInIndex = 0; path = Pods_WikiApp_WikiAppUITests.framework; sourceTree = BUILT_PRODUCTS_DIR; };
		48F223F099A68D5CD955FBF6 /* Pods-WikiApp.debug.xcconfig */ = {isa = PBXFileReference; includeInIndex = 1; lastKnownFileType = text.xcconfig; name = "Pods-WikiApp.debug.xcconfig"; path = "Target Support Files/Pods-WikiApp/Pods-WikiApp.debug.xcconfig"; sourceTree = "<group>"; };
		6FF847571FF9B26A00A7968E /* WikiApp.app */ = {isa = PBXFileReference; explicitFileType = wrapper.application; includeInIndex = 0; path = WikiApp.app; sourceTree = BUILT_PRODUCTS_DIR; };
		6FF8475A1FF9B26A00A7968E /* AppDelegate.swift */ = {isa = PBXFileReference; lastKnownFileType = sourcecode.swift; path = AppDelegate.swift; sourceTree = "<group>"; };
		6FF8475C1FF9B26A00A7968E /* ViewController.swift */ = {isa = PBXFileReference; lastKnownFileType = sourcecode.swift; path = ViewController.swift; sourceTree = "<group>"; };
		6FF8475F1FF9B26A00A7968E /* Base */ = {isa = PBXFileReference; lastKnownFileType = file.storyboard; name = Base; path = Base.lproj/Main.storyboard; sourceTree = "<group>"; };
		6FF847611FF9B27200A7968E /* Assets.xcassets */ = {isa = PBXFileReference; lastKnownFileType = folder.assetcatalog; path = Assets.xcassets; sourceTree = "<group>"; };
		6FF847641FF9B27200A7968E /* Base */ = {isa = PBXFileReference; lastKnownFileType = file.storyboard; name = Base; path = Base.lproj/LaunchScreen.storyboard; sourceTree = "<group>"; };
		6FF847661FF9B27200A7968E /* Info.plist */ = {isa = PBXFileReference; lastKnownFileType = text.plist.xml; path = Info.plist; sourceTree = "<group>"; };
		6FF8476B1FF9B27200A7968E /* WikiAppTests.xctest */ = {isa = PBXFileReference; explicitFileType = wrapper.cfbundle; includeInIndex = 0; path = WikiAppTests.xctest; sourceTree = BUILT_PRODUCTS_DIR; };
		6FF8476F1FF9B27200A7968E /* WikiAppTests.swift */ = {isa = PBXFileReference; lastKnownFileType = sourcecode.swift; path = WikiAppTests.swift; sourceTree = "<group>"; };
		6FF847711FF9B27200A7968E /* Info.plist */ = {isa = PBXFileReference; lastKnownFileType = text.plist.xml; path = Info.plist; sourceTree = "<group>"; };
		6FF847761FF9B27200A7968E /* WikiAppUITests.xctest */ = {isa = PBXFileReference; explicitFileType = wrapper.cfbundle; includeInIndex = 0; path = WikiAppUITests.xctest; sourceTree = BUILT_PRODUCTS_DIR; };
		6FF8477A1FF9B27200A7968E /* WikiAppUITests.swift */ = {isa = PBXFileReference; lastKnownFileType = sourcecode.swift; path = WikiAppUITests.swift; sourceTree = "<group>"; };
		6FF8477C1FF9B27200A7968E /* Info.plist */ = {isa = PBXFileReference; lastKnownFileType = text.plist.xml; path = Info.plist; sourceTree = "<group>"; };
		702114151E7E4D0892525ABC /* Pods-WikiApp-WikiAppUITests.debug.xcconfig */ = {isa = PBXFileReference; includeInIndex = 1; lastKnownFileType = text.xcconfig; name = "Pods-WikiApp-WikiAppUITests.debug.xcconfig"; path = "Target Support Files/Pods-WikiApp-WikiAppUITests/Pods-WikiApp-WikiAppUITests.debug.xcconfig"; sourceTree = "<group>"; };
		8D54166E0F8BA96847698C7F /* Pods-WikiApp.release.xcconfig */ = {isa = PBXFileReference; includeInIndex = 1; lastKnownFileType = text.xcconfig; name = "Pods-WikiApp.release.xcconfig"; path = "Target Support Files/Pods-WikiApp/Pods-WikiApp.release.xcconfig"; sourceTree = "<group>"; };
		91446C8A10FBF2CCC1D2F41F /* Pods_WikiApp.framework */ = {isa = PBXFileReference; explicitFileType = wrapper.framework; includeInIndex = 0; path = Pods_WikiApp.framework; sourceTree = BUILT_PRODUCTS_DIR; };
		A3D430CD645F0118C91E7A81 /* Pods_WikiAppTests.framework */ = {isa = PBXFileReference; explicitFileType = wrapper.framework; includeInIndex = 0; path = Pods_WikiAppTests.framework; sourceTree = BUILT_PRODUCTS_DIR; };
		D0FA4B18311D930AF36874DF /* Pods-WikiAppTests.debug.xcconfig */ = {isa = PBXFileReference; includeInIndex = 1; lastKnownFileType = text.xcconfig; name = "Pods-WikiAppTests.debug.xcconfig"; path = "Target Support Files/Pods-WikiAppTests/Pods-WikiAppTests.debug.xcconfig"; sourceTree = "<group>"; };
		F8F61853BD8FC985BA490568 /* Pods-WikiApp-WikiAppUITests.release.xcconfig */ = {isa = PBXFileReference; includeInIndex = 1; lastKnownFileType = text.xcconfig; name = "Pods-WikiApp-WikiAppUITests.release.xcconfig"; path = "Target Support Files/Pods-WikiApp-WikiAppUITests/Pods-WikiApp-WikiAppUITests.release.xcconfig"; sourceTree = "<group>"; };
/* End PBXFileReference section */

/* Begin PBXFrameworksBuildPhase section */
		6FF847541FF9B26A00A7968E /* Frameworks */ = {
			isa = PBXFrameworksBuildPhase;
			buildActionMask = 2147483647;
			files = (
				A42D961A1BFF43A578A33E01 /* Pods_WikiApp.framework in Frameworks */,
			);
			runOnlyForDeploymentPostprocessing = 0;
		};
		6FF847681FF9B27200A7968E /* Frameworks */ = {
			isa = PBXFrameworksBuildPhase;
			buildActionMask = 2147483647;
			files = (
				2C6B5447B661C328306ACB84 /* Pods_WikiAppTests.framework in Frameworks */,
			);
			runOnlyForDeploymentPostprocessing = 0;
		};
		6FF847731FF9B27200A7968E /* Frameworks */ = {
			isa = PBXFrameworksBuildPhase;
			buildActionMask = 2147483647;
			files = (
				DEC07BB49ADAC0C1269C389D /* Pods_WikiApp_WikiAppUITests.framework in Frameworks */,
			);
			runOnlyForDeploymentPostprocessing = 0;
		};
/* End PBXFrameworksBuildPhase section */

/* Begin PBXGroup section */
		273319F573E7509C3AF8995B /* Frameworks */ = {
			isa = PBXGroup;
			children = (
				91446C8A10FBF2CCC1D2F41F /* Pods_WikiApp.framework */,
				19997BBC16A576479B90813E /* Pods_WikiApp_WikiAppUITests.framework */,
				A3D430CD645F0118C91E7A81 /* Pods_WikiAppTests.framework */,
			);
			name = Frameworks;
			sourceTree = "<group>";
		};
		6FF8474E1FF9B26A00A7968E = {
			isa = PBXGroup;
			children = (
				6FF847591FF9B26A00A7968E /* WikiApp */,
				6FF8476E1FF9B27200A7968E /* WikiAppTests */,
				6FF847791FF9B27200A7968E /* WikiAppUITests */,
				6FF847581FF9B26A00A7968E /* Products */,
				FC5E15B3028EA57F6C760916 /* Pods */,
				273319F573E7509C3AF8995B /* Frameworks */,
			);
			sourceTree = "<group>";
		};
		6FF847581FF9B26A00A7968E /* Products */ = {
			isa = PBXGroup;
			children = (
				6FF847571FF9B26A00A7968E /* WikiApp.app */,
				6FF8476B1FF9B27200A7968E /* WikiAppTests.xctest */,
				6FF847761FF9B27200A7968E /* WikiAppUITests.xctest */,
			);
			name = Products;
			sourceTree = "<group>";
		};
		6FF847591FF9B26A00A7968E /* WikiApp */ = {
			isa = PBXGroup;
			children = (
				6FF8475A1FF9B26A00A7968E /* AppDelegate.swift */,
				6FF8475C1FF9B26A00A7968E /* ViewController.swift */,
				6FF8475E1FF9B26A00A7968E /* Main.storyboard */,
				6FF847611FF9B27200A7968E /* Assets.xcassets */,
				6FF847631FF9B27200A7968E /* LaunchScreen.storyboard */,
				6FF847661FF9B27200A7968E /* Info.plist */,
			);
			path = WikiApp;
			sourceTree = "<group>";
		};
		6FF8476E1FF9B27200A7968E /* WikiAppTests */ = {
			isa = PBXGroup;
			children = (
				6FF8476F1FF9B27200A7968E /* WikiAppTests.swift */,
				6FF847711FF9B27200A7968E /* Info.plist */,
			);
			path = WikiAppTests;
			sourceTree = "<group>";
		};
		6FF847791FF9B27200A7968E /* WikiAppUITests */ = {
			isa = PBXGroup;
			children = (
				6FF8477A1FF9B27200A7968E /* WikiAppUITests.swift */,
				6FF8477C1FF9B27200A7968E /* Info.plist */,
			);
			path = WikiAppUITests;
			sourceTree = "<group>";
		};
		FC5E15B3028EA57F6C760916 /* Pods */ = {
			isa = PBXGroup;
			children = (
				48F223F099A68D5CD955FBF6 /* Pods-WikiApp.debug.xcconfig */,
				8D54166E0F8BA96847698C7F /* Pods-WikiApp.release.xcconfig */,
				702114151E7E4D0892525ABC /* Pods-WikiApp-WikiAppUITests.debug.xcconfig */,
				F8F61853BD8FC985BA490568 /* Pods-WikiApp-WikiAppUITests.release.xcconfig */,
				D0FA4B18311D930AF36874DF /* Pods-WikiAppTests.debug.xcconfig */,
				04B9870B85515BC17338434E /* Pods-WikiAppTests.release.xcconfig */,
			);
			name = Pods;
			path = Pods;
			sourceTree = "<group>";
		};
/* End PBXGroup section */

/* Begin PBXNativeTarget section */
		6FF847561FF9B26A00A7968E /* WikiApp */ = {
			isa = PBXNativeTarget;
			buildConfigurationList = 6FF8477F1FF9B27200A7968E /* Build configuration list for PBXNativeTarget "WikiApp" */;
			buildPhases = (
				824717416E7CBD8AF4A7D5F7 /* [CP] Check Pods Manifest.lock */,
				6FF847531FF9B26A00A7968E /* Sources */,
				6FF847541FF9B26A00A7968E /* Frameworks */,
				6FF847551FF9B26A00A7968E /* Resources */,
				37B12F1A204FC2C2F426B86B /* [CP] Embed Pods Frameworks */,
			);
			buildRules = (
			);
			dependencies = (
			);
			name = WikiApp;
			productName = WikiApp;
			productReference = 6FF847571FF9B26A00A7968E /* WikiApp.app */;
			productType = "com.apple.product-type.application";
		};
		6FF8476A1FF9B27200A7968E /* WikiAppTests */ = {
			isa = PBXNativeTarget;
			buildConfigurationList = 6FF847821FF9B27200A7968E /* Build configuration list for PBXNativeTarget "WikiAppTests" */;
			buildPhases = (
				17E17BB7BCD9C5A419CFE801 /* [CP] Check Pods Manifest.lock */,
				6FF847671FF9B27200A7968E /* Sources */,
				6FF847681FF9B27200A7968E /* Frameworks */,
				6FF847691FF9B27200A7968E /* Resources */,
			);
			buildRules = (
			);
			dependencies = (
				6FF8476D1FF9B27200A7968E /* PBXTargetDependency */,
			);
			name = WikiAppTests;
			productName = WikiAppTests;
			productReference = 6FF8476B1FF9B27200A7968E /* WikiAppTests.xctest */;
			productType = "com.apple.product-type.bundle.unit-test";
		};
		6FF847751FF9B27200A7968E /* WikiAppUITests */ = {
			isa = PBXNativeTarget;
			buildConfigurationList = 6FF847851FF9B27200A7968E /* Build configuration list for PBXNativeTarget "WikiAppUITests" */;
			buildPhases = (
				0BBA6EBF18FC7761FCEBA456 /* [CP] Check Pods Manifest.lock */,
				6FF847721FF9B27200A7968E /* Sources */,
				6FF847731FF9B27200A7968E /* Frameworks */,
				6FF847741FF9B27200A7968E /* Resources */,
				6B53C9458496115261662A6E /* [CP] Embed Pods Frameworks */,
			);
			buildRules = (
			);
			dependencies = (
				6FF847781FF9B27200A7968E /* PBXTargetDependency */,
			);
			name = WikiAppUITests;
			productName = WikiAppUITests;
			productReference = 6FF847761FF9B27200A7968E /* WikiAppUITests.xctest */;
			productType = "com.apple.product-type.bundle.ui-testing";
		};
/* End PBXNativeTarget section */

/* Begin PBXProject section */
		6FF8474F1FF9B26A00A7968E /* Project object */ = {
			isa = PBXProject;
			attributes = {
				LastSwiftUpdateCheck = 1030;
				LastUpgradeCheck = 1030;
				ORGANIZATIONNAME = nibm;
				TargetAttributes = {
					6FF847561FF9B26A00A7968E = {
						CreatedOnToolsVersion = 10.3;
					};
					6FF8476A1FF9B27200A7968E = {
						CreatedOnToolsVersion = 10.3;
						TestTargetID = 6FF847561FF9B26A00A7968E;
					};
					6FF847751FF9B27200A7968E = {
						CreatedOnToolsVersion = 10.3;
						TestTargetID = 6FF847561FF9B26A00A7968E;
					};
				};
			};
			buildConfigurationList = 6FF847521FF9B26A00A7968E /* Build configuration list for PBXProject "WikiApp" */;
			compatibilityVersion = "Xcode 9.3";
			developmentRegion = en;
			hasScannedForEncodings = 0;
			knownRegions = (
				en,
				Base,
			);
			mainGroup = 6FF8474E1FF9B26A00A7968E;
			productRefGroup = 6FF847581FF9B26A00A7968E /* Products */;
			projectDirPath = "";
			projectRoot = "";
			targets = (
				6FF847561FF9B26A00A7968E /* WikiApp */,
				6FF8476A1FF9B27200A7968E /* WikiAppTests */,
				6FF847751FF9B27200A7968E /* WikiAppUITests */,
			);
		};
/* End PBXProject section */

/* Begin PBXResourcesBuildPhase section */
		6FF847551FF9B26A00A7968E /* Resources */ = {
			isa = PBXResourcesBuildPhase;
			buildActionMask = 2147483647;
			files = (
				6FF847651FF9B27200A7968E /* LaunchScreen.storyboard in Resources */,
				6FF847621FF9B27200A7968E /* Assets.xcassets in Resources */,
				6FF847601FF9B26A00A7968E /* Main.storyboard in Resources */,
			);
			runOnlyForDeploymentPostprocessing = 0;
		};
		6FF847691FF9B27200A7968E /* Resources */ = {
			isa = PBXResourcesBuildPhase;
			buildActionMask = 2147483647;
			files = (
			);
			runOnlyForDeploymentPostprocessing = 0;
		};
		6FF847741FF9B27200A7968E /* Resources */ = {
			isa = PBXResourcesBuildPhase;
			buildActionMask = 2147483647;
			files = (
			);
			runOnlyForDeploymentPostprocessing = 0;
		};
/* End PBXResourcesBuildPhase section */

/* Begin PBXShellScriptBuildPhase section */
		0BBA6EBF18FC7761FCEBA456 /* [CP] Check Pods Manifest.lock */ = {
			isa = PBXShellScriptBuildPhase;
			buildActionMask = 2147483647;
			files = (
			);
			inputFileListPaths = (
			);
			inputPaths = (
				"${PODS_PODFILE_DIR_PATH}/Podfile.lock",
				"${PODS_ROOT}/Manifest.lock",
			);
			name = "[CP] Check Pods Manifest.lock";
			outputFileListPaths = (
			);
			outputPaths = (
				"$(DERIVED_FILE_DIR)/Pods-WikiApp-WikiAppUITests-checkManifestLockResult.txt",
			);
			runOnlyForDeploymentPostprocessing = 0;
			shellPath = /bin/sh;
			shellScript = "diff \"${PODS_PODFILE_DIR_PATH}/Podfile.lock\" \"${PODS_ROOT}/Manifest.lock\" > /dev/null\nif [ $? != 0 ] ; then\n    # print error to STDERR\n    echo \"error: The sandbox is not in sync with the Podfile.lock. Run 'pod install' or update your CocoaPods installation.\" >&2\n    exit 1\nfi\n# This output is used by Xcode 'outputs' to avoid re-running this script phase.\necho \"SUCCESS\" > \"${SCRIPT_OUTPUT_FILE_0}\"\n";
			showEnvVarsInLog = 0;
		};
		17E17BB7BCD9C5A419CFE801 /* [CP] Check Pods Manifest.lock */ = {
			isa = PBXShellScriptBuildPhase;
			buildActionMask = 2147483647;
			files = (
			);
			inputFileListPaths = (
			);
			inputPaths = (
				"${PODS_PODFILE_DIR_PATH}/Podfile.lock",
				"${PODS_ROOT}/Manifest.lock",
			);
			name = "[CP] Check Pods Manifest.lock";
			outputFileListPaths = (
			);
			outputPaths = (
				"$(DERIVED_FILE_DIR)/Pods-WikiAppTests-checkManifestLockResult.txt",
			);
			runOnlyForDeploymentPostprocessing = 0;
			shellPath = /bin/sh;
			shellScript = "diff \"${PODS_PODFILE_DIR_PATH}/Podfile.lock\" \"${PODS_ROOT}/Manifest.lock\" > /dev/null\nif [ $? != 0 ] ; then\n    # print error to STDERR\n    echo \"error: The sandbox is not in sync with the Podfile.lock. Run 'pod install' or update your CocoaPods installation.\" >&2\n    exit 1\nfi\n# This output is used by Xcode 'outputs' to avoid re-running this script phase.\necho \"SUCCESS\" > \"${SCRIPT_OUTPUT_FILE_0}\"\n";
			showEnvVarsInLog = 0;
		};
		37B12F1A204FC2C2F426B86B /* [CP] Embed Pods Frameworks */ = {
			isa = PBXShellScriptBuildPhase;
			buildActionMask = 2147483647;
			files = (
			);
			inputFileListPaths = (
				"${PODS_ROOT}/Target Support Files/Pods-WikiApp/Pods-WikiApp-frameworks-${CONFIGURATION}-input-files.xcfilelist",
			);
			name = "[CP] Embed Pods Frameworks";
			outputFileListPaths = (
				"${PODS_ROOT}/Target Support Files/Pods-WikiApp/Pods-WikiApp-frameworks-${CONFIGURATION}-output-files.xcfilelist",
			);
			runOnlyForDeploymentPostprocessing = 0;
			shellPath = /bin/sh;
			shellScript = "\"${PODS_ROOT}/Target Support Files/Pods-WikiApp/Pods-WikiApp-frameworks.sh\"\n";
			showEnvVarsInLog = 0;
		};
		6B53C9458496115261662A6E /* [CP] Embed Pods Frameworks */ = {
			isa = PBXShellScriptBuildPhase;
			buildActionMask = 2147483647;
			files = (
			);
			inputFileListPaths = (
				"${PODS_ROOT}/Target Support Files/Pods-WikiApp-WikiAppUITests/Pods-WikiApp-WikiAppUITests-frameworks-${CONFIGURATION}-input-files.xcfilelist",
			);
			name = "[CP] Embed Pods Frameworks";
			outputFileListPaths = (
				"${PODS_ROOT}/Target Support Files/Pods-WikiApp-WikiAppUITests/Pods-WikiApp-WikiAppUITests-frameworks-${CONFIGURATION}-output-files.xcfilelist",
			);
			runOnlyForDeploymentPostprocessing = 0;
			shellPath = /bin/sh;
			shellScript = "\"${PODS_ROOT}/Target Support Files/Pods-WikiApp-WikiAppUITests/Pods-WikiApp-WikiAppUITests-frameworks.sh\"\n";
			showEnvVarsInLog = 0;
		};
		824717416E7CBD8AF4A7D5F7 /* [CP] Check Pods Manifest.lock */ = {
			isa = PBXShellScriptBuildPhase;
			buildActionMask = 2147483647;
			files = (
			);
			inputFileListPaths = (
			);
			inputPaths = (
				"${PODS_PODFILE_DIR_PATH}/Podfile.lock",
				"${PODS_ROOT}/Manifest.lock",
			);
			name = "[CP] Check Pods Manifest.lock";
			outputFileListPaths = (
			);
			outputPaths = (
				"$(DERIVED_FILE_DIR)/Pods-WikiApp-checkManifestLockResult.txt",
			);
			runOnlyForDeploymentPostprocessing = 0;
			shellPath = /bin/sh;
			shellScript = "diff \"${PODS_PODFILE_DIR_PATH}/Podfile.lock\" \"${PODS_ROOT}/Manifest.lock\" > /dev/null\nif [ $? != 0 ] ; then\n    # print error to STDERR\n    echo \"error: The sandbox is not in sync with the Podfile.lock. Run 'pod install' or update your CocoaPods installation.\" >&2\n    exit 1\nfi\n# This output is used by Xcode 'outputs' to avoid re-running this script phase.\necho \"SUCCESS\" > \"${SCRIPT_OUTPUT_FILE_0}\"\n";
			showEnvVarsInLog = 0;
		};
/* End PBXShellScriptBuildPhase section */

/* Begin PBXSourcesBuildPhase section */
		6FF847531FF9B26A00A7968E /* Sources */ = {
			isa = PBXSourcesBuildPhase;
			buildActionMask = 2147483647;
			files = (
				6FF8475D1FF9B26A00A7968E /* ViewController.swift in Sources */,
				6FF8475B1FF9B26A00A7968E /* AppDelegate.swift in Sources */,
			);
			runOnlyForDeploymentPostprocessing = 0;
		};
		6FF847671FF9B27200A7968E /* Sources */ = {
			isa = PBXSourcesBuildPhase;
			buildActionMask = 2147483647;
			files = (
				6FF847701FF9B27200A7968E /* WikiAppTests.swift in Sources */,
			);
			runOnlyForDeploymentPostprocessing = 0;
		};
		6FF847721FF9B27200A7968E /* Sources */ = {
			isa = PBXSourcesBuildPhase;
			buildActionMask = 2147483647;
			files = (
				6FF8477B1FF9B27200A7968E /* WikiAppUITests.swift in Sources */,
			);
			runOnlyForDeploymentPostprocessing = 0;
		};
/* End PBXSourcesBuildPhase section */

/* Begin PBXTargetDependency section */
		6FF8476D1FF9B27200A7968E /* PBXTargetDependency */ = {
			isa = PBXTargetDependency;
			target = 6FF847561FF9B26A00A7968E /* WikiApp */;
			targetProxy = 6FF8476C1FF9B27200A7968E /* PBXContainerItemProxy */;
		};
		6FF847781FF9B27200A7968E /* PBXTargetDependency */ = {
			isa = PBXTargetDependency;
			target = 6FF847561FF9B26A00A7968E /* WikiApp */;
			targetProxy = 6FF847771FF9B27200A7968E /* PBXContainerItemProxy */;
		};
/* End PBXTargetDependency section */

/* Begin PBXVariantGroup section */
		6FF8475E1FF9B26A00A7968E /* Main.storyboard */ = {
			isa = PBXVariantGroup;
			children = (
				6FF8475F1FF9B26A00A7968E /* Base */,
			);
			name = Main.storyboard;
			sourceTree = "<group>";
		};
		6FF847631FF9B27200A7968E /* LaunchScreen.storyboard */ = {
			isa = PBXVariantGroup;
			children = (
				6FF847641FF9B27200A7968E /* Base */,
			);
			name = LaunchScreen.storyboard;
			sourceTree = "<group>";
		};
/* End PBXVariantGroup section */

/* Begin XCBuildConfiguration section */
		6FF8477D1FF9B27200A7968E /* Debug */ = {
			isa = XCBuildConfiguration;
			buildSettings = {
				ALWAYS_SEARCH_USER_PATHS = NO;
				CLANG_ANALYZER_NONNULL = YES;
				CLANG_ANALYZER_NUMBER_OBJECT_CONVERSION = YES_AGGRESSIVE;
				CLANG_CXX_LANGUAGE_STANDARD = "gnu++14";
				CLANG_CXX_LIBRARY = "libc++";
				CLANG_ENABLE_MODULES = YES;
				CLANG_ENABLE_OBJC_ARC = YES;
				CLANG_ENABLE_OBJC_WEAK = YES;
				CLANG_WARN_BLOCK_CAPTURE_AUTORELEASING = YES;
				CLANG_WARN_BOOL_CONVERSION = YES;
				CLANG_WARN_COMMA = YES;
				CLANG_WARN_CONSTANT_CONVERSION = YES;
				CLANG_WARN_DEPRECATED_OBJC_IMPLEMENTATIONS = YES;
				CLANG_WARN_DIRECT_OBJC_ISA_USAGE = YES_ERROR;
				CLANG_WARN_DOCUMENTATION_COMMENTS = YES;
				CLANG_WARN_EMPTY_BODY = YES;
				CLANG_WARN_ENUM_CONVERSION = YES;
				CLANG_WARN_INFINITE_RECURSION = YES;
				CLANG_WARN_INT_CONVERSION = YES;
				CLANG_WARN_NON_LITERAL_NULL_CONVERSION = YES;
				CLANG_WARN_OBJC_IMPLICIT_RETAIN_SELF = YES;
				CLANG_WARN_OBJC_LITERAL_CONVERSION = YES;
				CLANG_WARN_OBJC_ROOT_CLASS = YES_ERROR;
				CLANG_WARN_RANGE_LOOP_ANALYSIS = YES;
				CLANG_WARN_STRICT_PROTOTYPES = YES;
				CLANG_WARN_SUSPICIOUS_MOVE = YES;
				CLANG_WARN_UNGUARDED_AVAILABILITY = YES_AGGRESSIVE;
				CLANG_WARN_UNREACHABLE_CODE = YES;
				CLANG_WARN__DUPLICATE_METHOD_MATCH = YES;
				CODE_SIGN_IDENTITY = "iPhone Developer";
				COPY_PHASE_STRIP = NO;
				DEBUG_INFORMATION_FORMAT = dwarf;
				ENABLE_STRICT_OBJC_MSGSEND = YES;
				ENABLE_TESTABILITY = YES;
				GCC_C_LANGUAGE_STANDARD = gnu11;
				GCC_DYNAMIC_NO_PIC = NO;
				GCC_NO_COMMON_BLOCKS = YES;
				GCC_OPTIMIZATION_LEVEL = 0;
				GCC_PREPROCESSOR_DEFINITIONS = (
					"DEBUG=1",
					"$(inherited)",
				);
				GCC_WARN_64_TO_32_BIT_CONVERSION = YES;
				GCC_WARN_ABOUT_RETURN_TYPE = YES_ERROR;
				GCC_WARN_UNDECLARED_SELECTOR = YES;
				GCC_WARN_UNINITIALIZED_AUTOS = YES_AGGRESSIVE;
				GCC_WARN_UNUSED_FUNCTION = YES;
				GCC_WARN_UNUSED_VARIABLE = YES;
				IPHONEOS_DEPLOYMENT_TARGET = 12.4;
				MTL_ENABLE_DEBUG_INFO = INCLUDE_SOURCE;
				MTL_FAST_MATH = YES;
				ONLY_ACTIVE_ARCH = YES;
				SDKROOT = iphoneos;
				SWIFT_ACTIVE_COMPILATION_CONDITIONS = DEBUG;
				SWIFT_OPTIMIZATION_LEVEL = "-Onone";
			};
			name = Debug;
		};
		6FF8477E1FF9B27200A7968E /* Release */ = {
			isa = XCBuildConfiguration;
			buildSettings = {
				ALWAYS_SEARCH_USER_PATHS = NO;
				CLANG_ANALYZER_NONNULL = YES;
				CLANG_ANALYZER_NUMBER_OBJECT_CONVERSION = YES_AGGRESSIVE;
				CLANG_CXX_LANGUAGE_STANDARD = "gnu++14";
				CLANG_CXX_LIBRARY = "libc++";
				CLANG_ENABLE_MODULES = YES;
				CLANG_ENABLE_OBJC_ARC = YES;
				CLANG_ENABLE_OBJC_WEAK = YES;
				CLANG_WARN_BLOCK_CAPTURE_AUTORELEASING = YES;
				CLANG_WARN_BOOL_CONVERSION = YES;
				CLANG_WARN_COMMA = YES;
				CLANG_WARN_CONSTANT_CONVERSION = YES;
				CLANG_WARN_DEPRECATED_OBJC_IMPLEMENTATIONS = YES;
				CLANG_WARN_DIRECT_OBJC_ISA_USAGE = YES_ERROR;
				CLANG_WARN_DOCUMENTATION_COMMENTS = YES;
				CLANG_WARN_EMPTY_BODY = YES;
				CLANG_WARN_ENUM_CONVERSION = YES;
				CLANG_WARN_INFINITE_RECURSION = YES;
				CLANG_WARN_INT_CONVERSION = YES;
				CLANG_WARN_NON_LITERAL_NULL_CONVERSION = YES;
				CLANG_WARN_OBJC_IMPLICIT_RETAIN_SELF = YES;
				CLANG_WARN_OBJC_LITERAL_CONVERSION = YES;
				CLANG_WARN_OBJC_ROOT_CLASS = YES_ERROR;
				CLANG_WARN_RANGE_LOOP_ANALYSIS = YES;
				CLANG_WARN_STRICT_PROTOTYPES = YES;
				CLANG_WARN_SUSPICIOUS_MOVE = YES;
				CLANG_WARN_UNGUARDED_AVAILABILITY = YES_AGGRESSIVE;
				CLANG_WARN_UNREACHABLE_CODE = YES;
				CLANG_WARN__DUPLICATE_METHOD_MATCH = YES;
				CODE_SIGN_IDENTITY = "iPhone Developer";
				COPY_PHASE_STRIP = NO;
				DEBUG_INFORMATION_FORMAT = "dwarf-with-dsym";
				ENABLE_NS_ASSERTIONS = NO;
				ENABLE_STRICT_OBJC_MSGSEND = YES;
				GCC_C_LANGUAGE_STANDARD = gnu11;
				GCC_NO_COMMON_BLOCKS = YES;
				GCC_WARN_64_TO_32_BIT_CONVERSION = YES;
				GCC_WARN_ABOUT_RETURN_TYPE = YES_ERROR;
				GCC_WARN_UNDECLARED_SELECTOR = YES;
				GCC_WARN_UNINITIALIZED_AUTOS = YES_AGGRESSIVE;
				GCC_WARN_UNUSED_FUNCTION = YES;
				GCC_WARN_UNUSED_VARIABLE = YES;
				IPHONEOS_DEPLOYMENT_TARGET = 12.4;
				MTL_ENABLE_DEBUG_INFO = NO;
				MTL_FAST_MATH = YES;
				SDKROOT = iphoneos;
				SWIFT_COMPILATION_MODE = wholemodule;
				SWIFT_OPTIMIZATION_LEVEL = "-O";
				VALIDATE_PRODUCT = YES;
			};
			name = Release;
		};
		6FF847801FF9B27200A7968E /* Debug */ = {
			isa = XCBuildConfiguration;
			baseConfigurationReference = 48F223F099A68D5CD955FBF6 /* Pods-WikiApp.debug.xcconfig */;
			buildSettings = {
				ASSETCATALOG_COMPILER_APPICON_NAME = AppIcon;
				CODE_SIGN_STYLE = Automatic;
				INFOPLIST_FILE = WikiApp/Info.plist;
				LD_RUNPATH_SEARCH_PATHS = (
					"$(inherited)",
					"@executable_path/Frameworks",
				);
				PRODUCT_BUNDLE_IDENTIFIER = com.nibm.WikiApp;
				PRODUCT_NAME = "$(TARGET_NAME)";
				SWIFT_VERSION = 5.0;
				TARGETED_DEVICE_FAMILY = "1,2";
			};
			name = Debug;
		};
		6FF847811FF9B27200A7968E /* Release */ = {
			isa = XCBuildConfiguration;
			baseConfigurationReference = 8D54166E0F8BA96847698C7F /* Pods-WikiApp.release.xcconfig */;
			buildSettings = {
				ASSETCATALOG_COMPILER_APPICON_NAME = AppIcon;
				CODE_SIGN_STYLE = Automatic;
				INFOPLIST_FILE = WikiApp/Info.plist;
				LD_RUNPATH_SEARCH_PATHS = (
					"$(inherited)",
					"@executable_path/Frameworks",
				);
				PRODUCT_BUNDLE_IDENTIFIER = com.nibm.WikiApp;
				PRODUCT_NAME = "$(TARGET_NAME)";
				SWIFT_VERSION = 5.0;
				TARGETED_DEVICE_FAMILY = "1,2";
			};
			name = Release;
		};
		6FF847831FF9B27200A7968E /* Debug */ = {
			isa = XCBuildConfiguration;
			baseConfigurationReference = D0FA4B18311D930AF36874DF /* Pods-WikiAppTests.debug.xcconfig */;
			buildSettings = {
				ALWAYS_EMBED_SWIFT_STANDARD_LIBRARIES = YES;
				BUNDLE_LOADER = "$(TEST_HOST)";
				CODE_SIGN_STYLE = Automatic;
				INFOPLIST_FILE = WikiAppTests/Info.plist;
				LD_RUNPATH_SEARCH_PATHS = (
					"$(inherited)",
					"@executable_path/Frameworks",
					"@loader_path/Frameworks",
				);
				PRODUCT_BUNDLE_IDENTIFIER = com.nibm.WikiAppTests;
				PRODUCT_NAME = "$(TARGET_NAME)";
				SWIFT_VERSION = 5.0;
				TARGETED_DEVICE_FAMILY = "1,2";
				TEST_HOST = "$(BUILT_PRODUCTS_DIR)/WikiApp.app/WikiApp";
			};
			name = Debug;
		};
		6FF847841FF9B27200A7968E /* Release */ = {
			isa = XCBuildConfiguration;
			baseConfigurationReference = 04B9870B85515BC17338434E /* Pods-WikiAppTests.release.xcconfig */;
			buildSettings = {
				ALWAYS_EMBED_SWIFT_STANDARD_LIBRARIES = YES;
				BUNDLE_LOADER = "$(TEST_HOST)";
				CODE_SIGN_STYLE = Automatic;
				INFOPLIST_FILE = WikiAppTests/Info.plist;
				LD_RUNPATH_SEARCH_PATHS = (
					"$(inherited)",
					"@executable_path/Frameworks",
					"@loader_path/Frameworks",
				);
				PRODUCT_BUNDLE_IDENTIFIER = com.nibm.WikiAppTests;
				PRODUCT_NAME = "$(TARGET_NAME)";
				SWIFT_VERSION = 5.0;
				TARGETED_DEVICE_FAMILY = "1,2";
				TEST_HOST = "$(BUILT_PRODUCTS_DIR)/WikiApp.app/WikiApp";
			};
			name = Release;
		};
		6FF847861FF9B27200A7968E /* Debug */ = {
			isa = XCBuildConfiguration;
			baseConfigurationReference = 702114151E7E4D0892525ABC /* Pods-WikiApp-WikiAppUITests.debug.xcconfig */;
			buildSettings = {
				ALWAYS_EMBED_SWIFT_STANDARD_LIBRARIES = YES;
				CODE_SIGN_STYLE = Automatic;
				INFOPLIST_FILE = WikiAppUITests/Info.plist;
				LD_RUNPATH_SEARCH_PATHS = (
					"$(inherited)",
					"@executable_path/Frameworks",
					"@loader_path/Frameworks",
				);
				PRODUCT_BUNDLE_IDENTIFIER = com.nibm.WikiAppUITests;
				PRODUCT_NAME = "$(TARGET_NAME)";
				SWIFT_VERSION = 5.0;
				TARGETED_DEVICE_FAMILY = "1,2";
				TEST_TARGET_NAME = WikiApp;
			};
			name = Debug;
		};
		6FF847871FF9B27200A7968E /* Release */ = {
			isa = XCBuildConfiguration;
			baseConfigurationReference = F8F61853BD8FC985BA490568 /* Pods-WikiApp-WikiAppUITests.release.xcconfig */;
			buildSettings = {
				ALWAYS_EMBED_SWIFT_STANDARD_LIBRARIES = YES;
				CODE_SIGN_STYLE = Automatic;
				INFOPLIST_FILE = WikiAppUITests/Info.plist;
				LD_RUNPATH_SEARCH_PATHS = (
					"$(inherited)",
					"@executable_path/Frameworks",
					"@loader_path/Frameworks",
				);
				PRODUCT_BUNDLE_IDENTIFIER = com.nibm.WikiAppUITests;
				PRODUCT_NAME = "$(TARGET_NAME)";
				SWIFT_VERSION = 5.0;
				TARGETED_DEVICE_FAMILY = "1,2";
				TEST_TARGET_NAME = WikiApp;
			};
			name = Release;
		};
/* End XCBuildConfiguration section */

/* Begin XCConfigurationList section */
		6FF847521FF9B26A00A7968E /* Build configuration list for PBXProject "WikiApp" */ = {
			isa = XCConfigurationList;
			buildConfigurations = (
				6FF8477D1FF9B27200A7968E /* Debug */,
				6FF8477E1FF9B27200A7968E /* Release */,
			);
			defaultConfigurationIsVisible = 0;
			defaultConfigurationName = Release;
		};
		6FF8477F1FF9B27200A7968E /* Build configuration list for PBXNativeTarget "WikiApp" */ = {
			isa = XCConfigurationList;
			buildConfigurations = (
				6FF847801FF9B27200A7968E /* Debug */,
				6FF847811FF9B27200A7968E /* Release */,
			);
			defaultConfigurationIsVisible = 0;
			defaultConfigurationName = Release;
		};
		6FF847821FF9B27200A7968E /* Build configuration list for PBXNativeTarget "WikiAppTests" */ = {
			isa = XCConfigurationList;
			buildConfigurations = (
				6FF847831FF9B27200A7968E /* Debug */,
				6FF847841FF9B27200A7968E /* Release */,
			);
			defaultConfigurationIsVisible = 0;
			defaultConfigurationName = Release;
		};
		6FF847851FF9B27200A7968E /* Build configuration list for PBXNativeTarget "WikiAppUITests" */ = {
			isa = XCConfigurationList;
			buildConfigurations = (
				6FF847861FF9B27200A7968E /* Debug */,
				6FF847871FF9B27200A7968E /* Release */,
			);
			defaultConfigurationIsVisible = 0;
			defaultConfigurationName = Release;
		};
/* End XCConfigurationList section */
	};
	rootObject = 6FF8474F1FF9B26A00A7968E /* Project object */;
}
